
Microsoft Visual Studio Solution File, Format Version 12.00
# Visual Studio Version 17
VisualStudioVersion = 17.7.34031.279
MinimumVisualStudioVersion = 10.0.40219.1
Project("{FAE04EC0-301F-11D3-BF4B-00C04F79EFBC}") = "switchCase", "switchCase\switchCase.csproj", "{EB717100-12F1-4803-8363-172E48A178C8}"
EndProject
Global
	GlobalSection(SolutionConfigurationPlatforms) = preSolution
		Debug|Any CPU = Debug|Any CPU
		Release|Any CPU = Release|Any CPU
	EndGlobalSection
	GlobalSection(ProjectConfigurationPlatforms) = postSolution
		{EB717100-12F1-4803-8363-172E48A178C8}.Debug|Any CPU.ActiveCfg = Debug|Any CPU
		{EB717100-12F1-4803-8363-172E48A178C8}.Debug|Any CPU.Build.0 = Debug|Any CPU
		{EB717100-12F1-4803-8363-172E48A178C8}.Release|Any CPU.ActiveCfg = Release|Any CPU
		{EB717100-12F1-4803-8363-172E48A178C8}.Release|Any CPU.Build.0 = Release|Any CPU
	EndGlobalSection
	GlobalSection(SolutionProperties) = preSolution
		HideSolutionNode = FALSE
	EndGlobalSection
	GlobalSection(ExtensibilityGlobals) = postSolution
		SolutionGuid = {75054A58-A5A9-4695-9F9B-FE08FE479B00}
	EndGlobalSection
EndGlobal
